
Microsoft Visual Studio Solution File, Format Version 12.00
# Visual Studio Version 17
VisualStudioVersion = 17.2.32602.215
MinimumVisualStudioVersion = 10.0.40219.1
Project("{9A19103F-16F7-4668-BE54-9A1E7A4F7556}") = "OpenDSM.Server", "OpenDSM.Server\OpenDSM.Server.csproj", "{CAEDDBBB-CD43-4108-9CB9-9CBAA0106F63}"
EndProject
Project("{9A19103F-16F7-4668-BE54-9A1E7A4F7556}") = "OpenDSM.Core", "OpenDSM.Core\OpenDSM.Core.csproj", "{B9B4C51D-78A1-40A4-A633-9925D68B4FC9}"
EndProject
Project("{9A19103F-16F7-4668-BE54-9A1E7A4F7556}") = "OpenDSM.SQL", "OpenDSM.SQL\OpenDSM.SQL.csproj", "{53364452-AA4C-4B65-BDD3-9B57B5AA1AB4}"
EndProject
Project("{9A19103F-16F7-4668-BE54-9A1E7A4F7556}") = "OpenDSM.Authentication", "OpenDSM.Authentication\OpenDSM.Authentication.csproj", "{33B58815-347F-47D0-ADA1-444933BD9918}"
EndProject
Project("{9A19103F-16F7-4668-BE54-9A1E7A4F7556}") = "OpenDSM.Git", "OpenDSM.Git\OpenDSM.Git.csproj", "{5FCE4D1F-DE25-4CD4-8013-02B3A6AAF16E}"
EndProject
Project("{9A19103F-16F7-4668-BE54-9A1E7A4F7556}") = "OpenDSM.Security", "OpenDSM.Security\OpenDSM.Security.csproj", "{720D096C-EDFE-4F3D-98E2-090D0006721E}"
EndProject
Project("{FAE04EC0-301F-11D3-BF4B-00C04F79EFBC}") = "OpenDSM.Products", "OpenDSM.Products\OpenDSM.Products.csproj", "{A824D575-2971-4046-B1E4-3F3DDB6542DA}"
EndProject
Global
	GlobalSection(SolutionConfigurationPlatforms) = preSolution
		Debug|Any CPU = Debug|Any CPU
		Release|Any CPU = Release|Any CPU
	EndGlobalSection
	GlobalSection(ProjectConfigurationPlatforms) = postSolution
		{CAEDDBBB-CD43-4108-9CB9-9CBAA0106F63}.Debug|Any CPU.ActiveCfg = Debug|Any CPU
		{CAEDDBBB-CD43-4108-9CB9-9CBAA0106F63}.Debug|Any CPU.Build.0 = Debug|Any CPU
		{CAEDDBBB-CD43-4108-9CB9-9CBAA0106F63}.Release|Any CPU.ActiveCfg = Release|Any CPU
		{CAEDDBBB-CD43-4108-9CB9-9CBAA0106F63}.Release|Any CPU.Build.0 = Release|Any CPU
		{B9B4C51D-78A1-40A4-A633-9925D68B4FC9}.Debug|Any CPU.ActiveCfg = Debug|Any CPU
		{B9B4C51D-78A1-40A4-A633-9925D68B4FC9}.Debug|Any CPU.Build.0 = Debug|Any CPU
		{B9B4C51D-78A1-40A4-A633-9925D68B4FC9}.Release|Any CPU.ActiveCfg = Release|Any CPU
		{B9B4C51D-78A1-40A4-A633-9925D68B4FC9}.Release|Any CPU.Build.0 = Release|Any CPU
		{53364452-AA4C-4B65-BDD3-9B57B5AA1AB4}.Debug|Any CPU.ActiveCfg = Debug|Any CPU
		{53364452-AA4C-4B65-BDD3-9B57B5AA1AB4}.Debug|Any CPU.Build.0 = Debug|Any CPU
		{53364452-AA4C-4B65-BDD3-9B57B5AA1AB4}.Release|Any CPU.ActiveCfg = Release|Any CPU
		{53364452-AA4C-4B65-BDD3-9B57B5AA1AB4}.Release|Any CPU.Build.0 = Release|Any CPU
		{33B58815-347F-47D0-ADA1-444933BD9918}.Debug|Any CPU.ActiveCfg = Debug|Any CPU
		{33B58815-347F-47D0-ADA1-444933BD9918}.Debug|Any CPU.Build.0 = Debug|Any CPU
		{33B58815-347F-47D0-ADA1-444933BD9918}.Release|Any CPU.ActiveCfg = Release|Any CPU
		{33B58815-347F-47D0-ADA1-444933BD9918}.Release|Any CPU.Build.0 = Release|Any CPU
		{5FCE4D1F-DE25-4CD4-8013-02B3A6AAF16E}.Debug|Any CPU.ActiveCfg = Debug|Any CPU
		{5FCE4D1F-DE25-4CD4-8013-02B3A6AAF16E}.Debug|Any CPU.Build.0 = Debug|Any CPU
		{5FCE4D1F-DE25-4CD4-8013-02B3A6AAF16E}.Release|Any CPU.ActiveCfg = Release|Any CPU
		{5FCE4D1F-DE25-4CD4-8013-02B3A6AAF16E}.Release|Any CPU.Build.0 = Release|Any CPU
		{720D096C-EDFE-4F3D-98E2-090D0006721E}.Debug|Any CPU.ActiveCfg = Debug|Any CPU
		{720D096C-EDFE-4F3D-98E2-090D0006721E}.Debug|Any CPU.Build.0 = Debug|Any CPU
		{720D096C-EDFE-4F3D-98E2-090D0006721E}.Release|Any CPU.ActiveCfg = Release|Any CPU
		{720D096C-EDFE-4F3D-98E2-090D0006721E}.Release|Any CPU.Build.0 = Release|Any CPU
		{A824D575-2971-4046-B1E4-3F3DDB6542DA}.Debug|Any CPU.ActiveCfg = Debug|Any CPU
		{A824D575-2971-4046-B1E4-3F3DDB6542DA}.Debug|Any CPU.Build.0 = Debug|Any CPU
		{A824D575-2971-4046-B1E4-3F3DDB6542DA}.Release|Any CPU.ActiveCfg = Release|Any CPU
		{A824D575-2971-4046-B1E4-3F3DDB6542DA}.Release|Any CPU.Build.0 = Release|Any CPU
	EndGlobalSection
	GlobalSection(SolutionProperties) = preSolution
		HideSolutionNode = FALSE
	EndGlobalSection
	GlobalSection(ExtensibilityGlobals) = postSolution
		SolutionGuid = {79D0E0A2-B46A-459F-BAE5-821D4481EB6B}
	EndGlobalSection
EndGlobal
