
Microsoft Visual Studio Solution File, Format Version 12.00
# Visual Studio Version 17
VisualStudioVersion = 17.2.32602.215
MinimumVisualStudioVersion = 10.0.40219.1
Project("{9A19103F-16F7-4668-BE54-9A1E7A4F7556}") = "OpenDSM.Server", "OpenDSM.Server\OpenDSM.Server.csproj", "{CAEDDBBB-CD43-4108-9CB9-9CBAA0106F63}"
EndProject
Project("{9A19103F-16F7-4668-BE54-9A1E7A4F7556}") = "OpenDSM.Core", "OpenDSM.Core\OpenDSM.Core.csproj", "{B9B4C51D-78A1-40A4-A633-9925D68B4FC9}"
EndProject
Project("{9A19103F-16F7-4668-BE54-9A1E7A4F7556}") = "OpenDSM.SQL", "OpenDSM.SQL\OpenDSM.SQL.csproj", "{53364452-AA4C-4B65-BDD3-9B57B5AA1AB4}"
EndProject
Global
	GlobalSection(SolutionConfigurationPlatforms) = preSolution
		Debug|Any CPU = Debug|Any CPU
		Release|Any CPU = Release|Any CPU
	EndGlobalSection
	GlobalSection(ProjectConfigurationPlatforms) = postSolution
		{CAEDDBBB-CD43-4108-9CB9-9CBAA0106F63}.Debug|Any CPU.ActiveCfg = Debug|Any CPU
		{CAEDDBBB-CD43-4108-9CB9-9CBAA0106F63}.Debug|Any CPU.Build.0 = Debug|Any CPU
		{CAEDDBBB-CD43-4108-9CB9-9CBAA0106F63}.Release|Any CPU.ActiveCfg = Release|Any CPU
		{CAEDDBBB-CD43-4108-9CB9-9CBAA0106F63}.Release|Any CPU.Build.0 = Release|Any CPU
		{B9B4C51D-78A1-40A4-A633-9925D68B4FC9}.Debug|Any CPU.ActiveCfg = Debug|Any CPU
		{B9B4C51D-78A1-40A4-A633-9925D68B4FC9}.Debug|Any CPU.Build.0 = Debug|Any CPU
		{B9B4C51D-78A1-40A4-A633-9925D68B4FC9}.Release|Any CPU.ActiveCfg = Release|Any CPU
		{B9B4C51D-78A1-40A4-A633-9925D68B4FC9}.Release|Any CPU.Build.0 = Release|Any CPU
		{53364452-AA4C-4B65-BDD3-9B57B5AA1AB4}.Debug|Any CPU.ActiveCfg = Debug|Any CPU
		{53364452-AA4C-4B65-BDD3-9B57B5AA1AB4}.Debug|Any CPU.Build.0 = Debug|Any CPU
		{53364452-AA4C-4B65-BDD3-9B57B5AA1AB4}.Release|Any CPU.ActiveCfg = Release|Any CPU
		{53364452-AA4C-4B65-BDD3-9B57B5AA1AB4}.Release|Any CPU.Build.0 = Release|Any CPU
	EndGlobalSection
	GlobalSection(SolutionProperties) = preSolution
		HideSolutionNode = FALSE
	EndGlobalSection
	GlobalSection(ExtensibilityGlobals) = postSolution
		SolutionGuid = {79D0E0A2-B46A-459F-BAE5-821D4481EB6B}
	EndGlobalSection
EndGlobal
